// !$*UTF8*$!
{
	archiveVersion = 1;
	classes = {
	};
	objectVersion = 54;
	objects = {

/* Begin PBXBuildFile section */
		1B5069E7E1F2B77AD08942C0 /* EditorState.swift in Sources */ = {isa = PBXBuildFile; fileRef = 312D4D9D510F3B8D90AEB3F2 /* EditorState.swift */; };
		2347A3E92B988F08745AA100 /* MetalEditorView.swift in Sources */ = {isa = PBXBuildFile; fileRef = 518136355CB5291131F2533A /* MetalEditorView.swift */; };
		2350C41C7544BA19308A09BF /* EditorHost.swift in Sources */ = {isa = PBXBuildFile; fileRef = 196AD5C21EA474AD6F35CE62 /* EditorHost.swift */; };
		25C633287CF0D32EC1BB1076 /* FrameCodec.swift in Sources */ = {isa = PBXBuildFile; fileRef = 547544F0D199ECF229EFDE7C /* FrameCodec.swift */; };
		2D2DEC05F7DEB176681BA467 /* GridModel.swift in Sources */ = {isa = PBXBuildFile; fileRef = 0DD1682B2DED502EE76BE9F0 /* GridModel.swift */; };
		345B7E27E9E95D4E98A1E077 /* EditorGridModel.swift in Sources */ = {isa = PBXBuildFile; fileRef = E2A9FB37182F5116B1B84A92 /* EditorGridModel.swift */; };
		3860FA68E3E1479A681F3AD5 /* FolderPicker.swift in Sources */ = {isa = PBXBuildFile; fileRef = 9B0FA8678AD885BC40BA1B26 /* FolderPicker.swift */; };
		3A8F7BD4111A2FE8D3BD0BD2 /* FuzzyMatcher.swift in Sources */ = {isa = PBXBuildFile; fileRef = 82512BECE9C1931433E17C65 /* FuzzyMatcher.swift */; };
		452C57B7DCF3DB2CD55FE833 /* TerminalRenderer.swift in Sources */ = {isa = PBXBuildFile; fileRef = B8FC719044750E3E9D881D70 /* TerminalRenderer.swift */; };
		4A9E9148FFDF765FC15246EE /* ContentView.swift in Sources */ = {isa = PBXBuildFile; fileRef = 00A29122F34E3453E7C0C7EE /* ContentView.swift */; };
		4C172F2F7742126004054A9B /* SwiftTerm in Frameworks */ = {isa = PBXBuildFile; productRef = 87E8D38D4A36054170096E9C /* SwiftTerm */; };
		4F58650B2264ABC803FFAB99 /* MetalTerminalView.swift in Sources */ = {isa = PBXBuildFile; fileRef = D7C08BE5C69EC413BE27349C /* MetalTerminalView.swift */; };
		52B5C10CBB0313CBADB615AD /* CommandHistory.swift in Sources */ = {isa = PBXBuildFile; fileRef = E45D302B3734E633E6DD4051 /* CommandHistory.swift */; };
		5D5C5E0E30F07D1751089CB5 /* TerminalHost.swift in Sources */ = {isa = PBXBuildFile; fileRef = 23BF2507E666D410095233DD /* TerminalHost.swift */; };
		5F23425CB02286D32CEE0B22 /* SessionManager.swift in Sources */ = {isa = PBXBuildFile; fileRef = 70ECAD38BCD42629C3B34627 /* SessionManager.swift */; };
		61FC6A7A0D07EBC6B9AD3F97 /* EditorWordIndex.swift in Sources */ = {isa = PBXBuildFile; fileRef = 482E886F334E9EDA700A874D /* EditorWordIndex.swift */; };
		7C9BB2ABEA6F98DD27D123BA /* ParticipantColorLegend.swift in Sources */ = {isa = PBXBuildFile; fileRef = DA2F5FFB6AE062EAF7D69173 /* ParticipantColorLegend.swift */; };
		86ACF0BECF41A8652DF80E7C /* SessionSidebar.swift in Sources */ = {isa = PBXBuildFile; fileRef = 664D213A56D18C95AD442EA3 /* SessionSidebar.swift */; };
		9C441E27AD8EA1C0F9FDF55E /* CursorOverlay.swift in Sources */ = {isa = PBXBuildFile; fileRef = 98C3AC75FBB99C54D0FE379D /* CursorOverlay.swift */; };
		9C9D698BD470E42106F8EE09 /* AutocompletePopover.swift in Sources */ = {isa = PBXBuildFile; fileRef = 17661611F9F89C4F93B5DD16 /* AutocompletePopover.swift */; };
		9E9503FA25FBA397D632AB30 /* FSSyncApplier.swift in Sources */ = {isa = PBXBuildFile; fileRef = 3EBBCBDEE7F1A8A22E17C8D6 /* FSSyncApplier.swift */; };
		A2D08185777B6EA8EFF12ABB /* EditorCore.swift in Sources */ = {isa = PBXBuildFile; fileRef = 5D86DA5773B357FAC04E616B /* EditorCore.swift */; };
		AC8843BE47AEE74B32B9F184 /* Shaders.metal in Sources */ = {isa = PBXBuildFile; fileRef = ECF0829DA7536AD36B692F56 /* Shaders.metal */; };
		AE1A31865381871FED5C96AD /* TermCore.swift in Sources */ = {isa = PBXBuildFile; fileRef = 35D3451F35C5057049BC1446 /* TermCore.swift */; };
		B3C66876D280652D60E966BC /* SharedInput.swift in Sources */ = {isa = PBXBuildFile; fileRef = 3566F6A64C82786D4AB7FF3A /* SharedInput.swift */; };
		C0D8F10EAE68DEEB4C3E6D5D /* EditorController.swift in Sources */ = {isa = PBXBuildFile; fileRef = 78E11AA6097A9C88BC727BA0 /* EditorController.swift */; };
		D429C9AFF28924FAF77A12C9 /* PTYSession.swift in Sources */ = {isa = PBXBuildFile; fileRef = 9046501508735DBADCA6B936 /* PTYSession.swift */; };
		D8C515BD6A4C0CD6F9E0CA78 /* GlyphAtlas.swift in Sources */ = {isa = PBXBuildFile; fileRef = 3C4DC3D513960FEAAFBD6487 /* GlyphAtlas.swift */; };
		E7111AA018D3FFC3185814A0 /* App.swift in Sources */ = {isa = PBXBuildFile; fileRef = 85B62B36499E1F7728C6D743 /* App.swift */; };
		8D95DEA81B4D643DFFC8F4AC /* TabStripView.swift in Sources */ = {isa = PBXBuildFile; fileRef = 4EE6347801113A639B6EFE36 /* TabStripView.swift */; };
		CA309383E986AC03408E6F76 /* SyntaxHighlighter.swift in Sources */ = {isa = PBXBuildFile; fileRef = 8351A6EC415B7DA063B13D00 /* SyntaxHighlighter.swift */; };
		ECC1412F782CB58221262014 /* EditorRenderer.swift in Sources */ = {isa = PBXBuildFile; fileRef = B67A6EDC6716D0496D3AFB98 /* EditorRenderer.swift */; };
		F57F7869CDB6C2A969872415 /* FSSyncWatcher.swift in Sources */ = {isa = PBXBuildFile; fileRef = 8A7AC5EC53AEC88CBF206A2D /* FSSyncWatcher.swift */; };
/* End PBXBuildFile section */

/* Begin PBXFileReference section */
		00A29122F34E3453E7C0C7EE /* ContentView.swift */ = {isa = PBXFileReference; lastKnownFileType = sourcecode.swift; path = ContentView.swift; sourceTree = "<group>"; };
		0DD1682B2DED502EE76BE9F0 /* GridModel.swift */ = {isa = PBXFileReference; lastKnownFileType = sourcecode.swift; path = GridModel.swift; sourceTree = "<group>"; };
		17661611F9F89C4F93B5DD16 /* AutocompletePopover.swift */ = {isa = PBXFileReference; lastKnownFileType = sourcecode.swift; path = AutocompletePopover.swift; sourceTree = "<group>"; };
		196AD5C21EA474AD6F35CE62 /* EditorHost.swift */ = {isa = PBXFileReference; lastKnownFileType = sourcecode.swift; path = EditorHost.swift; sourceTree = "<group>"; };
		23BF2507E666D410095233DD /* TerminalHost.swift */ = {isa = PBXFileReference; lastKnownFileType = sourcecode.swift; path = TerminalHost.swift; sourceTree = "<group>"; };
		312D4D9D510F3B8D90AEB3F2 /* EditorState.swift */ = {isa = PBXFileReference; lastKnownFileType = sourcecode.swift; path = EditorState.swift; sourceTree = "<group>"; };
		3566F6A64C82786D4AB7FF3A /* SharedInput.swift */ = {isa = PBXFileReference; lastKnownFileType = sourcecode.swift; path = SharedInput.swift; sourceTree = "<group>"; };
		35D3451F35C5057049BC1446 /* TermCore.swift */ = {isa = PBXFileReference; lastKnownFileType = sourcecode.swift; path = TermCore.swift; sourceTree = "<group>"; };
		3C4DC3D513960FEAAFBD6487 /* GlyphAtlas.swift */ = {isa = PBXFileReference; lastKnownFileType = sourcecode.swift; path = GlyphAtlas.swift; sourceTree = "<group>"; };
		3EBBCBDEE7F1A8A22E17C8D6 /* FSSyncApplier.swift */ = {isa = PBXFileReference; lastKnownFileType = sourcecode.swift; path = FSSyncApplier.swift; sourceTree = "<group>"; };
		482E886F334E9EDA700A874D /* EditorWordIndex.swift */ = {isa = PBXFileReference; lastKnownFileType = sourcecode.swift; path = EditorWordIndex.swift; sourceTree = "<group>"; };
		518136355CB5291131F2533A /* MetalEditorView.swift */ = {isa = PBXFileReference; lastKnownFileType = sourcecode.swift; path = MetalEditorView.swift; sourceTree = "<group>"; };
		547544F0D199ECF229EFDE7C /* FrameCodec.swift */ = {isa = PBXFileReference; lastKnownFileType = sourcecode.swift; path = FrameCodec.swift; sourceTree = "<group>"; };
		5D86DA5773B357FAC04E616B /* EditorCore.swift */ = {isa = PBXFileReference; lastKnownFileType = sourcecode.swift; path = EditorCore.swift; sourceTree = "<group>"; };
		664D213A56D18C95AD442EA3 /* SessionSidebar.swift */ = {isa = PBXFileReference; lastKnownFileType = sourcecode.swift; path = SessionSidebar.swift; sourceTree = "<group>"; };
		70ECAD38BCD42629C3B34627 /* SessionManager.swift */ = {isa = PBXFileReference; lastKnownFileType = sourcecode.swift; path = SessionManager.swift; sourceTree = "<group>"; };
		78E11AA6097A9C88BC727BA0 /* EditorController.swift */ = {isa = PBXFileReference; lastKnownFileType = sourcecode.swift; path = EditorController.swift; sourceTree = "<group>"; };
		800C98EE193D5797C035BE29 /* ClaudeTogether.app */ = {isa = PBXFileReference; explicitFileType = wrapper.application; includeInIndex = 0; path = ClaudeTogether.app; sourceTree = BUILT_PRODUCTS_DIR; };
		82512BECE9C1931433E17C65 /* FuzzyMatcher.swift */ = {isa = PBXFileReference; lastKnownFileType = sourcecode.swift; path = FuzzyMatcher.swift; sourceTree = "<group>"; };
		85B62B36499E1F7728C6D743 /* App.swift */ = {isa = PBXFileReference; lastKnownFileType = sourcecode.swift; path = App.swift; sourceTree = "<group>"; };
		8A7AC5EC53AEC88CBF206A2D /* FSSyncWatcher.swift */ = {isa = PBXFileReference; lastKnownFileType = sourcecode.swift; path = FSSyncWatcher.swift; sourceTree = "<group>"; };
		9046501508735DBADCA6B936 /* PTYSession.swift */ = {isa = PBXFileReference; lastKnownFileType = sourcecode.swift; path = PTYSession.swift; sourceTree = "<group>"; };
		98C3AC75FBB99C54D0FE379D /* CursorOverlay.swift */ = {isa = PBXFileReference; lastKnownFileType = sourcecode.swift; path = CursorOverlay.swift; sourceTree = "<group>"; };
		9B0FA8678AD885BC40BA1B26 /* FolderPicker.swift */ = {isa = PBXFileReference; lastKnownFileType = sourcecode.swift; path = FolderPicker.swift; sourceTree = "<group>"; };
		4EE6347801113A639B6EFE36 /* TabStripView.swift */ = {isa = PBXFileReference; lastKnownFileType = sourcecode.swift; path = TabStripView.swift; sourceTree = "<group>"; };
		8351A6EC415B7DA063B13D00 /* SyntaxHighlighter.swift */ = {isa = PBXFileReference; lastKnownFileType = sourcecode.swift; path = SyntaxHighlighter.swift; sourceTree = "<group>"; };
		B67A6EDC6716D0496D3AFB98 /* EditorRenderer.swift */ = {isa = PBXFileReference; lastKnownFileType = sourcecode.swift; path = EditorRenderer.swift; sourceTree = "<group>"; };
		B8FC719044750E3E9D881D70 /* TerminalRenderer.swift */ = {isa = PBXFileReference; lastKnownFileType = sourcecode.swift; path = TerminalRenderer.swift; sourceTree = "<group>"; };
		D7C08BE5C69EC413BE27349C /* MetalTerminalView.swift */ = {isa = PBXFileReference; lastKnownFileType = sourcecode.swift; path = MetalTerminalView.swift; sourceTree = "<group>"; };
		DA2F5FFB6AE062EAF7D69173 /* ParticipantColorLegend.swift */ = {isa = PBXFileReference; lastKnownFileType = sourcecode.swift; path = ParticipantColorLegend.swift; sourceTree = "<group>"; };
		E2A9FB37182F5116B1B84A92 /* EditorGridModel.swift */ = {isa = PBXFileReference; lastKnownFileType = sourcecode.swift; path = EditorGridModel.swift; sourceTree = "<group>"; };
		E45D302B3734E633E6DD4051 /* CommandHistory.swift */ = {isa = PBXFileReference; lastKnownFileType = sourcecode.swift; path = CommandHistory.swift; sourceTree = "<group>"; };
		ECF0829DA7536AD36B692F56 /* Shaders.metal */ = {isa = PBXFileReference; lastKnownFileType = sourcecode.metal; path = Shaders.metal; sourceTree = "<group>"; };
/* End PBXFileReference section */

/* Begin PBXFrameworksBuildPhase section */
		2314CFAC3FFAE82656F42A26 /* Frameworks */ = {
			isa = PBXFrameworksBuildPhase;
			buildActionMask = 2147483647;
			files = (
				4C172F2F7742126004054A9B /* SwiftTerm in Frameworks */,
			);
			runOnlyForDeploymentPostprocessing = 0;
		};
/* End PBXFrameworksBuildPhase section */

/* Begin PBXGroup section */
		57DE6BC49167B2DF9619261E /* Autocomplete */ = {
			isa = PBXGroup;
			children = (
				17661611F9F89C4F93B5DD16 /* AutocompletePopover.swift */,
				E45D302B3734E633E6DD4051 /* CommandHistory.swift */,
				482E886F334E9EDA700A874D /* EditorWordIndex.swift */,
				82512BECE9C1931433E17C65 /* FuzzyMatcher.swift */,
			);
			path = Autocomplete;
			sourceTree = "<group>";
		};
		6755A8B357D0ADFBD0DFB652 /* Bridge */ = {
			isa = PBXGroup;
			children = (
				5D86DA5773B357FAC04E616B /* EditorCore.swift */,
				547544F0D199ECF229EFDE7C /* FrameCodec.swift */,
				9046501508735DBADCA6B936 /* PTYSession.swift */,
				35D3451F35C5057049BC1446 /* TermCore.swift */,
			);
			path = Bridge;
			sourceTree = "<group>";
		};
		8911360D259FF2C4FA15DB50 = {
			isa = PBXGroup;
			children = (
				DFD1E70CBD27CD0FB8609EA7 /* Sources */,
				9D3E89C8694ABA8D80B76758 /* Products */,
			);
			sourceTree = "<group>";
		};
		8DF7C1BEA3400F30B239C8AC /* Terminal */ = {
			isa = PBXGroup;
			children = (
				98C3AC75FBB99C54D0FE379D /* CursorOverlay.swift */,
				3C4DC3D513960FEAAFBD6487 /* GlyphAtlas.swift */,
				0DD1682B2DED502EE76BE9F0 /* GridModel.swift */,
				D7C08BE5C69EC413BE27349C /* MetalTerminalView.swift */,
				23BF2507E666D410095233DD /* TerminalHost.swift */,
				B8FC719044750E3E9D881D70 /* TerminalRenderer.swift */,
			);
			path = Terminal;
			sourceTree = "<group>";
		};
		9D3E89C8694ABA8D80B76758 /* Products */ = {
			isa = PBXGroup;
			children = (
				800C98EE193D5797C035BE29 /* ClaudeTogether.app */,
			);
			name = Products;
			sourceTree = "<group>";
		};
		A308C0C0EFE84B9CB8AC60BA /* Session */ = {
			isa = PBXGroup;
			children = (
				3EBBCBDEE7F1A8A22E17C8D6 /* FSSyncApplier.swift */,
				8A7AC5EC53AEC88CBF206A2D /* FSSyncWatcher.swift */,
				70ECAD38BCD42629C3B34627 /* SessionManager.swift */,
				3566F6A64C82786D4AB7FF3A /* SharedInput.swift */,
			);
			path = Session;
			sourceTree = "<group>";
		};
		C32A51711254A905E3EFA693 /* Metal */ = {
			isa = PBXGroup;
			children = (
				ECF0829DA7536AD36B692F56 /* Shaders.metal */,
			);
			path = Metal;
			sourceTree = "<group>";
		};
		CF1DB310EA1AABADAD7D3030 /* Editor */ = {
			isa = PBXGroup;
			children = (
				78E11AA6097A9C88BC727BA0 /* EditorController.swift */,
				E2A9FB37182F5116B1B84A92 /* EditorGridModel.swift */,
				196AD5C21EA474AD6F35CE62 /* EditorHost.swift */,
				B67A6EDC6716D0496D3AFB98 /* EditorRenderer.swift */,
				312D4D9D510F3B8D90AEB3F2 /* EditorState.swift */,
				518136355CB5291131F2533A /* MetalEditorView.swift */,
				8351A6EC415B7DA063B13D00 /* SyntaxHighlighter.swift */,
			);
			path = Editor;
			sourceTree = "<group>";
		};
		DFD1E70CBD27CD0FB8609EA7 /* Sources */ = {
			isa = PBXGroup;
			children = (
				85B62B36499E1F7728C6D743 /* App.swift */,
				00A29122F34E3453E7C0C7EE /* ContentView.swift */,
				57DE6BC49167B2DF9619261E /* Autocomplete */,
				6755A8B357D0ADFBD0DFB652 /* Bridge */,
				CF1DB310EA1AABADAD7D3030 /* Editor */,
				C32A51711254A905E3EFA693 /* Metal */,
				A308C0C0EFE84B9CB8AC60BA /* Session */,
				8DF7C1BEA3400F30B239C8AC /* Terminal */,
				E97937086DB26C0BFB968BA2 /* UI */,
			);
			path = Sources;
			sourceTree = "<group>";
		};
		E97937086DB26C0BFB968BA2 /* UI */ = {
			isa = PBXGroup;
			children = (
				9B0FA8678AD885BC40BA1B26 /* FolderPicker.swift */,
				DA2F5FFB6AE062EAF7D69173 /* ParticipantColorLegend.swift */,
				664D213A56D18C95AD442EA3 /* SessionSidebar.swift */,
				4EE6347801113A639B6EFE36 /* TabStripView.swift */,
			);
			path = UI;
			sourceTree = "<group>";
		};
/* End PBXGroup section */

/* Begin PBXNativeTarget section */
		765B831EFBD3858545875B58 /* ClaudeTogether */ = {
			isa = PBXNativeTarget;
			buildConfigurationList = 67918AF8F12CA57B618115DA /* Build configuration list for PBXNativeTarget "ClaudeTogether" */;
			buildPhases = (
				EDC5BD8EE39F73AB0C518126 /* Sources */,
				2314CFAC3FFAE82656F42A26 /* Frameworks */,
				754DFAFF1E54FDF2AEA1928C /* Bundle bore helper */,
			);
			buildRules = (
			);
			dependencies = (
			);
			name = ClaudeTogether;
			packageProductDependencies = (
				87E8D38D4A36054170096E9C /* SwiftTerm */,
			);
			productName = ClaudeTogether;
			productReference = 800C98EE193D5797C035BE29 /* ClaudeTogether.app */;
			productType = "com.apple.product-type.application";
		};
/* End PBXNativeTarget section */

/* Begin PBXProject section */
		F63531456235E8A9A49E2511 /* Project object */ = {
			isa = PBXProject;
			attributes = {
				BuildIndependentTargetsInParallel = YES;
				LastUpgradeCheck = 1430;
				TargetAttributes = {
					765B831EFBD3858545875B58 = {
						ProvisioningStyle = Automatic;
					};
				};
			};
			buildConfigurationList = 13D79CB016CC8E96F0A1DA2D /* Build configuration list for PBXProject "ClaudeTogether" */;
			compatibilityVersion = "Xcode 14.0";
			developmentRegion = en;
			hasScannedForEncodings = 0;
			knownRegions = (
				Base,
				en,
			);
			mainGroup = 8911360D259FF2C4FA15DB50;
			minimizedProjectReferenceProxies = 1;
			packageReferences = (
				233DA3D0EC509FCC8EF3C633 /* XCRemoteSwiftPackageReference "SwiftTerm" */,
			);
			preferredProjectObjectVersion = 54;
			projectDirPath = "";
			projectRoot = "";
			targets = (
				765B831EFBD3858545875B58 /* ClaudeTogether */,
			);
		};
/* End PBXProject section */

/* Begin PBXShellScriptBuildPhase section */
		754DFAFF1E54FDF2AEA1928C /* Bundle bore helper */ = {
			isa = PBXShellScriptBuildPhase;
			buildActionMask = 2147483647;
			files = (
			);
			inputFileListPaths = (
			);
			inputPaths = (
			);
			name = "Bundle bore helper";
			outputFileListPaths = (
			);
			outputPaths = (
			);
			runOnlyForDeploymentPostprocessing = 0;
			shellPath = /bin/bash;
			shellScript = "set -euo pipefail\nSRC=\"$SRCROOT/Resources/bore\"\nDST=\"$TARGET_BUILD_DIR/$CONTENTS_FOLDER_PATH/Helpers/bore\"\nif [[ ! -f \"$SRC\" ]]; then\n  echo \"error: bore binary missing at $SRC — run scripts/build-bore.sh first\" >&2\n  exit 1\nfi\nmkdir -p \"$(dirname \"$DST\")\"\ncp -f \"$SRC\" \"$DST\"\nchmod +x \"$DST\"\ncodesign --force --sign \"${EXPANDED_CODE_SIGN_IDENTITY:--}\" \"$DST\"\nrm -f \"$TARGET_BUILD_DIR/$UNLOCALIZED_RESOURCES_FOLDER_PATH/bore\"\necho \"bundled bore helper -> $DST\"\n";
		};
/* End PBXShellScriptBuildPhase section */

/* Begin PBXSourcesBuildPhase section */
		EDC5BD8EE39F73AB0C518126 /* Sources */ = {
			isa = PBXSourcesBuildPhase;
			buildActionMask = 2147483647;
			files = (
				E7111AA018D3FFC3185814A0 /* App.swift in Sources */,
				9C9D698BD470E42106F8EE09 /* AutocompletePopover.swift in Sources */,
				52B5C10CBB0313CBADB615AD /* CommandHistory.swift in Sources */,
				4A9E9148FFDF765FC15246EE /* ContentView.swift in Sources */,
				9C441E27AD8EA1C0F9FDF55E /* CursorOverlay.swift in Sources */,
				C0D8F10EAE68DEEB4C3E6D5D /* EditorController.swift in Sources */,
				A2D08185777B6EA8EFF12ABB /* EditorCore.swift in Sources */,
				345B7E27E9E95D4E98A1E077 /* EditorGridModel.swift in Sources */,
				2350C41C7544BA19308A09BF /* EditorHost.swift in Sources */,
				ECC1412F782CB58221262014 /* EditorRenderer.swift in Sources */,
				1B5069E7E1F2B77AD08942C0 /* EditorState.swift in Sources */,
				61FC6A7A0D07EBC6B9AD3F97 /* EditorWordIndex.swift in Sources */,
				9E9503FA25FBA397D632AB30 /* FSSyncApplier.swift in Sources */,
				F57F7869CDB6C2A969872415 /* FSSyncWatcher.swift in Sources */,
				3860FA68E3E1479A681F3AD5 /* FolderPicker.swift in Sources */,
				25C633287CF0D32EC1BB1076 /* FrameCodec.swift in Sources */,
				3A8F7BD4111A2FE8D3BD0BD2 /* FuzzyMatcher.swift in Sources */,
				D8C515BD6A4C0CD6F9E0CA78 /* GlyphAtlas.swift in Sources */,
				2D2DEC05F7DEB176681BA467 /* GridModel.swift in Sources */,
				2347A3E92B988F08745AA100 /* MetalEditorView.swift in Sources */,
				4F58650B2264ABC803FFAB99 /* MetalTerminalView.swift in Sources */,
				D429C9AFF28924FAF77A12C9 /* PTYSession.swift in Sources */,
				7C9BB2ABEA6F98DD27D123BA /* ParticipantColorLegend.swift in Sources */,
				5F23425CB02286D32CEE0B22 /* SessionManager.swift in Sources */,
				86ACF0BECF41A8652DF80E7C /* SessionSidebar.swift in Sources */,
				CA309383E986AC03408E6F76 /* SyntaxHighlighter.swift in Sources */,
				8D95DEA81B4D643DFFC8F4AC /* TabStripView.swift in Sources */,
				AC8843BE47AEE74B32B9F184 /* Shaders.metal in Sources */,
				B3C66876D280652D60E966BC /* SharedInput.swift in Sources */,
				AE1A31865381871FED5C96AD /* TermCore.swift in Sources */,
				5D5C5E0E30F07D1751089CB5 /* TerminalHost.swift in Sources */,
				452C57B7DCF3DB2CD55FE833 /* TerminalRenderer.swift in Sources */,
			);
			runOnlyForDeploymentPostprocessing = 0;
		};
/* End PBXSourcesBuildPhase section */

/* Begin XCBuildConfiguration section */
		23F05EA14D63E24A88B728D6 /* Debug */ = {
			isa = XCBuildConfiguration;
			buildSettings = {
				CODE_SIGN_IDENTITY = "-";
				CODE_SIGN_STYLE = Automatic;
				CURRENT_PROJECT_VERSION = 1;
				ENABLE_HARDENED_RUNTIME = NO;
				MACOSX_DEPLOYMENT_TARGET = 14.0;
				MARKETING_VERSION = 0.0.1;
				PRODUCT_MODULE_NAME = ClaudeTogether;
				PRODUCT_NAME = ClaudeTogether;
				SDKROOT = macosx;
				SWIFT_VERSION = 5.9;
			};
			name = Debug;
		};
		71A969A248AAB6AABCDF4A9C /* Release */ = {
			isa = XCBuildConfiguration;
			buildSettings = {
				GENERATE_INFOPLIST_FILE = YES;
				INFOPLIST_KEY_LSApplicationCategoryType = "public.app-category.developer-tools";
				INFOPLIST_KEY_NSHumanReadableCopyright = "";
				INFOPLIST_KEY_NSPrincipalClass = NSApplication;
				LIBRARY_SEARCH_PATHS = (
					"$(SRCROOT)/Vendor",
				);
				MACOSX_DEPLOYMENT_TARGET = 14.0;
				OTHER_LDFLAGS = (
					"-lcollabterm",
				);
				PRODUCT_BUNDLE_IDENTIFIER = com.alanroybal.claudetogether;
				SWIFT_INCLUDE_PATHS = (
					"$(SRCROOT)/Vendor",
				);
			};
			name = Release;
		};
		9B4DCBFA2C37A17492015569 /* Release */ = {
			isa = XCBuildConfiguration;
			buildSettings = {
				CODE_SIGN_IDENTITY = "-";
				CODE_SIGN_STYLE = Automatic;
				CURRENT_PROJECT_VERSION = 1;
				ENABLE_HARDENED_RUNTIME = NO;
				MACOSX_DEPLOYMENT_TARGET = 14.0;
				MARKETING_VERSION = 0.0.1;
				PRODUCT_MODULE_NAME = ClaudeTogether;
				PRODUCT_NAME = ClaudeTogether;
				SDKROOT = macosx;
				SWIFT_VERSION = 5.9;
			};
			name = Release;
		};
		DB222A5CED63CF72F34569B3 /* Debug */ = {
			isa = XCBuildConfiguration;
			buildSettings = {
				GENERATE_INFOPLIST_FILE = YES;
				INFOPLIST_KEY_LSApplicationCategoryType = "public.app-category.developer-tools";
				INFOPLIST_KEY_NSHumanReadableCopyright = "";
				INFOPLIST_KEY_NSPrincipalClass = NSApplication;
				LIBRARY_SEARCH_PATHS = (
					"$(SRCROOT)/Vendor",
				);
				MACOSX_DEPLOYMENT_TARGET = 14.0;
				OTHER_LDFLAGS = (
					"-lcollabterm",
				);
				PRODUCT_BUNDLE_IDENTIFIER = com.alanroybal.claudetogether;
				SWIFT_INCLUDE_PATHS = (
					"$(SRCROOT)/Vendor",
				);
			};
			name = Debug;
		};
/* End XCBuildConfiguration section */

/* Begin XCConfigurationList section */
		13D79CB016CC8E96F0A1DA2D /* Build configuration list for PBXProject "ClaudeTogether" */ = {
			isa = XCConfigurationList;
			buildConfigurations = (
				23F05EA14D63E24A88B728D6 /* Debug */,
				9B4DCBFA2C37A17492015569 /* Release */,
			);
			defaultConfigurationIsVisible = 0;
			defaultConfigurationName = Debug;
		};
		67918AF8F12CA57B618115DA /* Build configuration list for PBXNativeTarget "ClaudeTogether" */ = {
			isa = XCConfigurationList;
			buildConfigurations = (
				DB222A5CED63CF72F34569B3 /* Debug */,
				71A969A248AAB6AABCDF4A9C /* Release */,
			);
			defaultConfigurationIsVisible = 0;
			defaultConfigurationName = Debug;
		};
/* End XCConfigurationList section */

/* Begin XCRemoteSwiftPackageReference section */
		233DA3D0EC509FCC8EF3C633 /* XCRemoteSwiftPackageReference "SwiftTerm" */ = {
			isa = XCRemoteSwiftPackageReference;
			repositoryURL = "https://github.com/migueldeicaza/SwiftTerm";
			requirement = {
				kind = upToNextMajorVersion;
				minimumVersion = 1.2.0;
			};
		};
/* End XCRemoteSwiftPackageReference section */

/* Begin XCSwiftPackageProductDependency section */
		87E8D38D4A36054170096E9C /* SwiftTerm */ = {
			isa = XCSwiftPackageProductDependency;
			package = 233DA3D0EC509FCC8EF3C633 /* XCRemoteSwiftPackageReference "SwiftTerm" */;
			productName = SwiftTerm;
		};
/* End XCSwiftPackageProductDependency section */
	};
	rootObject = F63531456235E8A9A49E2511 /* Project object */;
}
